
Microsoft Visual Studio Solution File, Format Version 12.00
# Visual Studio 15
VisualStudioVersion = 15.0.26730.10
MinimumVisualStudioVersion = 10.0.40219.1
Project("{FAE04EC0-301F-11D3-BF4B-00C04F79EFBC}") = "StudentRegistration", "StudentRegistration\StudentRegistration.csproj", "{EF526400-D015-4C2A-8E16-9B7DAD192FC9}"
EndProject
Project("{FAE04EC0-301F-11D3-BF4B-00C04F79EFBC}") = "StudentRegistration.Test.Console", "StudentRegistration.Test\StudentRegistration.Test.Console.csproj", "{188D30D8-EE97-4383-82E2-C4602CC3EF92}"
EndProject
Project("{FAE04EC0-301F-11D3-BF4B-00C04F79EFBC}") = "CommonComponents", "CommonComponents\CommonComponents.csproj", "{91DD77CC-2F19-46FD-9B41-1258B2F09B90}"
EndProject
Global
	GlobalSection(SolutionConfigurationPlatforms) = preSolution
		Debug|Any CPU = Debug|Any CPU
		Release|Any CPU = Release|Any CPU
	EndGlobalSection
	GlobalSection(ProjectConfigurationPlatforms) = postSolution
		{EF526400-D015-4C2A-8E16-9B7DAD192FC9}.Debug|Any CPU.ActiveCfg = Debug|Any CPU
		{EF526400-D015-4C2A-8E16-9B7DAD192FC9}.Debug|Any CPU.Build.0 = Debug|Any CPU
		{EF526400-D015-4C2A-8E16-9B7DAD192FC9}.Release|Any CPU.ActiveCfg = Release|Any CPU
		{EF526400-D015-4C2A-8E16-9B7DAD192FC9}.Release|Any CPU.Build.0 = Release|Any CPU
		{188D30D8-EE97-4383-82E2-C4602CC3EF92}.Debug|Any CPU.ActiveCfg = Debug|Any CPU
		{188D30D8-EE97-4383-82E2-C4602CC3EF92}.Debug|Any CPU.Build.0 = Debug|Any CPU
		{188D30D8-EE97-4383-82E2-C4602CC3EF92}.Release|Any CPU.ActiveCfg = Release|Any CPU
		{188D30D8-EE97-4383-82E2-C4602CC3EF92}.Release|Any CPU.Build.0 = Release|Any CPU
		{91DD77CC-2F19-46FD-9B41-1258B2F09B90}.Debug|Any CPU.ActiveCfg = Debug|Any CPU
		{91DD77CC-2F19-46FD-9B41-1258B2F09B90}.Debug|Any CPU.Build.0 = Debug|Any CPU
		{91DD77CC-2F19-46FD-9B41-1258B2F09B90}.Release|Any CPU.ActiveCfg = Release|Any CPU
		{91DD77CC-2F19-46FD-9B41-1258B2F09B90}.Release|Any CPU.Build.0 = Release|Any CPU
	EndGlobalSection
	GlobalSection(SolutionProperties) = preSolution
		HideSolutionNode = FALSE
	EndGlobalSection
	GlobalSection(ExtensibilityGlobals) = postSolution
		SolutionGuid = {D164C5BE-0FFA-46C9-8A25-90B398FEF1B8}
	EndGlobalSection
EndGlobal
